// !$*UTF8*$!
{
	archiveVersion = 1;
	classes = {
	};
	objectVersion = 77;
	objects = {

/* Begin PBXBuildFile section */
		8548ADFD2EA765C30069973A /* WidgetKit.framework in Frameworks */ = {isa = PBXBuildFile; fileRef = 8548ADFC2EA765C30069973A /* WidgetKit.framework */; };
		8548ADFF2EA765C30069973A /* SwiftUI.framework in Frameworks */ = {isa = PBXBuildFile; fileRef = 8548ADFE2EA765C30069973A /* SwiftUI.framework */; };
		8548AE102EA765C60069973A /* HabitTrackerWidgetExtension.appex in Embed Foundation Extensions */ = {isa = PBXBuildFile; fileRef = 8548ADFB2EA765C30069973A /* HabitTrackerWidgetExtension.appex */; settings = {ATTRIBUTES = (RemoveHeadersOnCopy, ); }; };
		E24922512EA2F4D600524ADD /* UserNotifications.framework in Frameworks */ = {isa = PBXBuildFile; fileRef = E24922502EA2F4D600524ADD /* UserNotifications.framework */; };
		E24922532EA2F4DB00524ADD /* Charts.framework in Frameworks */ = {isa = PBXBuildFile; fileRef = E24922522EA2F4DB00524ADD /* Charts.framework */; };
/* End PBXBuildFile section */

/* Begin PBXContainerItemProxy section */
		8548AE0E2EA765C60069973A /* PBXContainerItemProxy */ = {
			isa = PBXContainerItemProxy;
			containerPortal = A363BD6D2E9F48A000B90AE4 /* Project object */;
			proxyType = 1;
			remoteGlobalIDString = 8548ADFA2EA765C30069973A;
			remoteInfo = HabitTrackerWidgetExtension;
		};
		A363BD882E9F48A100B90AE4 /* PBXContainerItemProxy */ = {
			isa = PBXContainerItemProxy;
			containerPortal = A363BD6D2E9F48A000B90AE4 /* Project object */;
			proxyType = 1;
			remoteGlobalIDString = A363BD742E9F48A000B90AE4;
			remoteInfo = HabitTracker;
		};
		A363BD922E9F48A100B90AE4 /* PBXContainerItemProxy */ = {
			isa = PBXContainerItemProxy;
			containerPortal = A363BD6D2E9F48A000B90AE4 /* Project object */;
			proxyType = 1;
			remoteGlobalIDString = A363BD742E9F48A000B90AE4;
			remoteInfo = HabitTracker;
		};
		A363BE712EA7536F00B90AE4 /* PBXContainerItemProxy */ = {
			isa = PBXContainerItemProxy;
			containerPortal = A363BD6D2E9F48A000B90AE4 /* Project object */;
			proxyType = 1;
			remoteGlobalIDString = A363BE5D2EA7536E00B90AE4;
			remoteInfo = HabitTrackerWidgetExtension;
		};
/* End PBXContainerItemProxy section */

/* Begin PBXCopyFilesBuildPhase section */
		8548AE112EA765C60069973A /* Embed Foundation Extensions */ = {
			isa = PBXCopyFilesBuildPhase;
			buildActionMask = 2147483647;
			dstPath = "";
			dstSubfolderSpec = 13;
			files = (
				8548AE102EA765C60069973A /* HabitTrackerWidgetExtension.appex in Embed Foundation Extensions */,
			);
			name = "Embed Foundation Extensions";
			runOnlyForDeploymentPostprocessing = 0;
		};
/* End PBXCopyFilesBuildPhase section */

/* Begin PBXFileReference section */
		8548ADFB2EA765C30069973A /* HabitTrackerWidgetExtension.appex */ = {isa = PBXFileReference; explicitFileType = "wrapper.app-extension"; includeInIndex = 0; path = HabitTrackerWidgetExtension.appex; sourceTree = BUILT_PRODUCTS_DIR; };
		8548ADFC2EA765C30069973A /* WidgetKit.framework */ = {isa = PBXFileReference; lastKnownFileType = wrapper.framework; name = WidgetKit.framework; path = System/Library/Frameworks/WidgetKit.framework; sourceTree = SDKROOT; };
		8548ADFE2EA765C30069973A /* SwiftUI.framework */ = {isa = PBXFileReference; lastKnownFileType = wrapper.framework; name = SwiftUI.framework; path = System/Library/Frameworks/SwiftUI.framework; sourceTree = SDKROOT; };
		A363BD752E9F48A000B90AE4 /* HabitTracker.app */ = {isa = PBXFileReference; explicitFileType = wrapper.application; includeInIndex = 0; path = HabitTracker.app; sourceTree = BUILT_PRODUCTS_DIR; };
		A363BD872E9F48A100B90AE4 /* HabitTrackerTests.xctest */ = {isa = PBXFileReference; explicitFileType = wrapper.cfbundle; includeInIndex = 0; path = HabitTrackerTests.xctest; sourceTree = BUILT_PRODUCTS_DIR; };
		A363BD912E9F48A100B90AE4 /* HabitTrackerUITests.xctest */ = {isa = PBXFileReference; explicitFileType = wrapper.cfbundle; includeInIndex = 0; path = HabitTrackerUITests.xctest; sourceTree = BUILT_PRODUCTS_DIR; };
		A363BE5E2EA7536E00B90AE4 /* HabitTrackerWidgetExtension.appex */ = {isa = PBXFileReference; explicitFileType = "wrapper.app-extension"; includeInIndex = 0; path = HabitTrackerWidgetExtension.appex; sourceTree = BUILT_PRODUCTS_DIR; };
		A363BE5F2EA7536E00B90AE4 /* WidgetKit.framework */ = {isa = PBXFileReference; lastKnownFileType = wrapper.framework; name = WidgetKit.framework; path = System/Library/Frameworks/WidgetKit.framework; sourceTree = SDKROOT; };
		A363BE612EA7536E00B90AE4 /* SwiftUI.framework */ = {isa = PBXFileReference; lastKnownFileType = wrapper.framework; name = SwiftUI.framework; path = System/Library/Frameworks/SwiftUI.framework; sourceTree = SDKROOT; };
		A363BE792EA75E8000B90AE4 /* HabitTrackerWidgetExtension.entitlements */ = {isa = PBXFileReference; lastKnownFileType = text.plist.entitlements; path = HabitTrackerWidgetExtension.entitlements; sourceTree = "<group>"; };
		E24922502EA2F4D600524ADD /* UserNotifications.framework */ = {isa = PBXFileReference; lastKnownFileType = wrapper.framework; name = UserNotifications.framework; path = System/Library/Frameworks/UserNotifications.framework; sourceTree = SDKROOT; };
		E24922522EA2F4DB00524ADD /* Charts.framework */ = {isa = PBXFileReference; lastKnownFileType = wrapper.framework; name = Charts.framework; path = System/Library/Frameworks/Charts.framework; sourceTree = SDKROOT; };
/* End PBXFileReference section */

/* Begin PBXFileSystemSynchronizedBuildFileExceptionSet section */
		8548AE142EA765C60069973A /* Exceptions for "HabitTrackerWidget" folder in "HabitTrackerWidgetExtension" target */ = {
			isa = PBXFileSystemSynchronizedBuildFileExceptionSet;
			membershipExceptions = (
				Info.plist,
			);
			target = 8548ADFA2EA765C30069973A /* HabitTrackerWidgetExtension */;
		};
/* End PBXFileSystemSynchronizedBuildFileExceptionSet section */

/* Begin PBXFileSystemSynchronizedRootGroup section */
		8548AE002EA765C30069973A /* HabitTrackerWidget */ = {
			isa = PBXFileSystemSynchronizedRootGroup;
			exceptions = (
				8548AE142EA765C60069973A /* Exceptions for "HabitTrackerWidget" folder in "HabitTrackerWidgetExtension" target */,
			);
			path = HabitTrackerWidget;
			sourceTree = "<group>";
		};
		A363BD772E9F48A000B90AE4 /* HabitTracker */ = {
			isa = PBXFileSystemSynchronizedRootGroup;
			exceptions = (
				A363BE7B2EA75F5600B90AE4 /* Exceptions for "HabitTracker" folder in "HabitTrackerWidgetExtension" target */,
			);
			path = HabitTracker;
			sourceTree = "<group>";
		};
		A363BD8A2E9F48A100B90AE4 /* HabitTrackerTests */ = {
			isa = PBXFileSystemSynchronizedRootGroup;
			path = HabitTrackerTests;
			sourceTree = "<group>";
		};
		A363BD942E9F48A100B90AE4 /* HabitTrackerUITests */ = {
			isa = PBXFileSystemSynchronizedRootGroup;
			path = HabitTrackerUITests;
			sourceTree = "<group>";
		};
		A363BE632EA7536E00B90AE4 /* HabitTrackerWidget */ = {
			isa = PBXFileSystemSynchronizedRootGroup;
			exceptions = (
				A363BE772EA7536F00B90AE4 /* Exceptions for "HabitTrackerWidget" folder in "HabitTrackerWidgetExtension" target */,
			);
			path = HabitTrackerWidget;
			sourceTree = "<group>";
		};
/* End PBXFileSystemSynchronizedRootGroup section */

/* Begin PBXFrameworksBuildPhase section */
		8548ADF82EA765C30069973A /* Frameworks */ = {
			isa = PBXFrameworksBuildPhase;
			buildActionMask = 2147483647;
			files = (
				8548ADFF2EA765C30069973A /* SwiftUI.framework in Frameworks */,
				8548ADFD2EA765C30069973A /* WidgetKit.framework in Frameworks */,
			);
			runOnlyForDeploymentPostprocessing = 0;
		};
		A363BD722E9F48A000B90AE4 /* Frameworks */ = {
			isa = PBXFrameworksBuildPhase;
			buildActionMask = 2147483647;
			files = (
				E24922532EA2F4DB00524ADD /* Charts.framework in Frameworks */,
				E24922512EA2F4D600524ADD /* UserNotifications.framework in Frameworks */,
			);
			runOnlyForDeploymentPostprocessing = 0;
		};
		A363BD842E9F48A100B90AE4 /* Frameworks */ = {
			isa = PBXFrameworksBuildPhase;
			buildActionMask = 2147483647;
			files = (
			);
			runOnlyForDeploymentPostprocessing = 0;
		};
		A363BD8E2E9F48A100B90AE4 /* Frameworks */ = {
			isa = PBXFrameworksBuildPhase;
			buildActionMask = 2147483647;
			files = (
			);
			runOnlyForDeploymentPostprocessing = 0;
		};
		A363BE5B2EA7536E00B90AE4 /* Frameworks */ = {
			isa = PBXFrameworksBuildPhase;
			buildActionMask = 2147483647;
			files = (
				A363BE622EA7536E00B90AE4 /* SwiftUI.framework in Frameworks */,
				A363BE602EA7536E00B90AE4 /* WidgetKit.framework in Frameworks */,
				A363BE7D2EA75FFC00B90AE4 /* UserNotifications.framework in Frameworks */,
			);
			runOnlyForDeploymentPostprocessing = 0;
		};
/* End PBXFrameworksBuildPhase section */

/* Begin PBXGroup section */
		A363BD6C2E9F48A000B90AE4 = {
			isa = PBXGroup;
			children = (
				A363BE792EA75E8000B90AE4 /* HabitTrackerWidgetExtension.entitlements */,
				A363BD772E9F48A000B90AE4 /* HabitTracker */,
				A363BD8A2E9F48A100B90AE4 /* HabitTrackerTests */,
				A363BD942E9F48A100B90AE4 /* HabitTrackerUITests */,
				8548AE002EA765C30069973A /* HabitTrackerWidget */,
				E24922072EA2EF8100524ADD /* Frameworks */,
				A363BD762E9F48A000B90AE4 /* Products */,
			);
			sourceTree = "<group>";
		};
		A363BD762E9F48A000B90AE4 /* Products */ = {
			isa = PBXGroup;
			children = (
				A363BD752E9F48A000B90AE4 /* HabitTracker.app */,
				A363BD872E9F48A100B90AE4 /* HabitTrackerTests.xctest */,
				A363BD912E9F48A100B90AE4 /* HabitTrackerUITests.xctest */,
				8548ADFB2EA765C30069973A /* HabitTrackerWidgetExtension.appex */,
			);
			name = Products;
			sourceTree = "<group>";
		};
		E24922072EA2EF8100524ADD /* Frameworks */ = {
			isa = PBXGroup;
			children = (
				E24922522EA2F4DB00524ADD /* Charts.framework */,
				E24922502EA2F4D600524ADD /* UserNotifications.framework */,
				8548ADFC2EA765C30069973A /* WidgetKit.framework */,
				8548ADFE2EA765C30069973A /* SwiftUI.framework */,
			);
			name = Frameworks;
			sourceTree = "<group>";
		};
/* End PBXGroup section */

/* Begin PBXNativeTarget section */
		8548ADFA2EA765C30069973A /* HabitTrackerWidgetExtension */ = {
			isa = PBXNativeTarget;
			buildConfigurationList = 8548AE152EA765C60069973A /* Build configuration list for PBXNativeTarget "HabitTrackerWidgetExtension" */;
			buildPhases = (
				8548ADF72EA765C30069973A /* Sources */,
				8548ADF82EA765C30069973A /* Frameworks */,
				8548ADF92EA765C30069973A /* Resources */,
			);
			buildRules = (
			);
			dependencies = (
			);
			fileSystemSynchronizedGroups = (
				8548AE002EA765C30069973A /* HabitTrackerWidget */,
			);
			name = HabitTrackerWidgetExtension;
			packageProductDependencies = (
			);
			productName = HabitTrackerWidgetExtension;
			productReference = 8548ADFB2EA765C30069973A /* HabitTrackerWidgetExtension.appex */;
			productType = "com.apple.product-type.app-extension";
		};
		A363BD742E9F48A000B90AE4 /* HabitTracker */ = {
			isa = PBXNativeTarget;
			buildConfigurationList = A363BD9B2E9F48A100B90AE4 /* Build configuration list for PBXNativeTarget "HabitTracker" */;
			buildPhases = (
				A363BD712E9F48A000B90AE4 /* Sources */,
				A363BD722E9F48A000B90AE4 /* Frameworks */,
				A363BD732E9F48A000B90AE4 /* Resources */,
				8548AE112EA765C60069973A /* Embed Foundation Extensions */,
			);
			buildRules = (
			);
			dependencies = (
				8548AE0F2EA765C60069973A /* PBXTargetDependency */,
			);
			fileSystemSynchronizedGroups = (
				A363BD772E9F48A000B90AE4 /* HabitTracker */,
			);
			name = HabitTracker;
			packageProductDependencies = (
			);
			productName = HabitTracker;
			productReference = A363BD752E9F48A000B90AE4 /* HabitTracker.app */;
			productType = "com.apple.product-type.application";
		};
		A363BD862E9F48A100B90AE4 /* HabitTrackerTests */ = {
			isa = PBXNativeTarget;
			buildConfigurationList = A363BD9E2E9F48A100B90AE4 /* Build configuration list for PBXNativeTarget "HabitTrackerTests" */;
			buildPhases = (
				A363BD832E9F48A100B90AE4 /* Sources */,
				A363BD842E9F48A100B90AE4 /* Frameworks */,
				A363BD852E9F48A100B90AE4 /* Resources */,
			);
			buildRules = (
			);
			dependencies = (
				A363BD892E9F48A100B90AE4 /* PBXTargetDependency */,
			);
			fileSystemSynchronizedGroups = (
				A363BD8A2E9F48A100B90AE4 /* HabitTrackerTests */,
			);
			name = HabitTrackerTests;
			packageProductDependencies = (
			);
			productName = HabitTrackerTests;
			productReference = A363BD872E9F48A100B90AE4 /* HabitTrackerTests.xctest */;
			productType = "com.apple.product-type.bundle.unit-test";
		};
		A363BD902E9F48A100B90AE4 /* HabitTrackerUITests */ = {
			isa = PBXNativeTarget;
			buildConfigurationList = A363BDA12E9F48A100B90AE4 /* Build configuration list for PBXNativeTarget "HabitTrackerUITests" */;
			buildPhases = (
				A363BD8D2E9F48A100B90AE4 /* Sources */,
				A363BD8E2E9F48A100B90AE4 /* Frameworks */,
				A363BD8F2E9F48A100B90AE4 /* Resources */,
			);
			buildRules = (
			);
			dependencies = (
				A363BD932E9F48A100B90AE4 /* PBXTargetDependency */,
			);
			fileSystemSynchronizedGroups = (
				A363BD942E9F48A100B90AE4 /* HabitTrackerUITests */,
			);
			name = HabitTrackerUITests;
			packageProductDependencies = (
			);
			productName = HabitTrackerUITests;
			productReference = A363BD912E9F48A100B90AE4 /* HabitTrackerUITests.xctest */;
			productType = "com.apple.product-type.bundle.ui-testing";
		};
		A363BE5D2EA7536E00B90AE4 /* HabitTrackerWidgetExtension */ = {
			isa = PBXNativeTarget;
			buildConfigurationList = A363BE782EA7536F00B90AE4 /* Build configuration list for PBXNativeTarget "HabitTrackerWidgetExtension" */;
			buildPhases = (
				A363BE5A2EA7536E00B90AE4 /* Sources */,
				A363BE5B2EA7536E00B90AE4 /* Frameworks */,
				A363BE5C2EA7536E00B90AE4 /* Resources */,
				A363BE7F2EA75FFC00B90AE4 /* Embed Frameworks */,
			);
			buildRules = (
			);
			dependencies = (
			);
			fileSystemSynchronizedGroups = (
				A363BE632EA7536E00B90AE4 /* HabitTrackerWidget */,
			);
			name = HabitTrackerWidgetExtension;
			packageProductDependencies = (
			);
			productName = HabitTrackerWidgetExtension;
			productReference = A363BE5E2EA7536E00B90AE4 /* HabitTrackerWidgetExtension.appex */;
			productType = "com.apple.product-type.app-extension";
		};
/* End PBXNativeTarget section */

/* Begin PBXProject section */
		A363BD6D2E9F48A000B90AE4 /* Project object */ = {
			isa = PBXProject;
			attributes = {
				BuildIndependentTargetsInParallel = 1;
				LastSwiftUpdateCheck = 1620;
				LastUpgradeCheck = 2600;
				TargetAttributes = {
					8548ADFA2EA765C30069973A = {
						CreatedOnToolsVersion = 16.2;
					};
					A363BD742E9F48A000B90AE4 = {
						CreatedOnToolsVersion = 26.0.1;
					};
					A363BD862E9F48A100B90AE4 = {
						CreatedOnToolsVersion = 26.0.1;
						TestTargetID = A363BD742E9F48A000B90AE4;
					};
					A363BD902E9F48A100B90AE4 = {
						CreatedOnToolsVersion = 26.0.1;
						TestTargetID = A363BD742E9F48A000B90AE4;
					};
					A363BE5D2EA7536E00B90AE4 = {
						CreatedOnToolsVersion = 26.0.1;
					};
				};
			};
			buildConfigurationList = A363BD702E9F48A000B90AE4 /* Build configuration list for PBXProject "HabitTracker" */;
			developmentRegion = en;
			hasScannedForEncodings = 0;
			knownRegions = (
				en,
				Base,
			);
			mainGroup = A363BD6C2E9F48A000B90AE4;
			minimizedProjectReferenceProxies = 1;
			preferredProjectObjectVersion = 77;
			productRefGroup = A363BD762E9F48A000B90AE4 /* Products */;
			projectDirPath = "";
			projectRoot = "";
			targets = (
				A363BD742E9F48A000B90AE4 /* HabitTracker */,
				A363BD862E9F48A100B90AE4 /* HabitTrackerTests */,
				A363BD902E9F48A100B90AE4 /* HabitTrackerUITests */,
				8548ADFA2EA765C30069973A /* HabitTrackerWidgetExtension */,
			);
		};
/* End PBXProject section */

/* Begin PBXResourcesBuildPhase section */
		8548ADF92EA765C30069973A /* Resources */ = {
			isa = PBXResourcesBuildPhase;
			buildActionMask = 2147483647;
			files = (
			);
			runOnlyForDeploymentPostprocessing = 0;
		};
		A363BD732E9F48A000B90AE4 /* Resources */ = {
			isa = PBXResourcesBuildPhase;
			buildActionMask = 2147483647;
			files = (
			);
			runOnlyForDeploymentPostprocessing = 0;
		};
		A363BD852E9F48A100B90AE4 /* Resources */ = {
			isa = PBXResourcesBuildPhase;
			buildActionMask = 2147483647;
			files = (
			);
			runOnlyForDeploymentPostprocessing = 0;
		};
		A363BD8F2E9F48A100B90AE4 /* Resources */ = {
			isa = PBXResourcesBuildPhase;
			buildActionMask = 2147483647;
			files = (
			);
			runOnlyForDeploymentPostprocessing = 0;
		};
		A363BE5C2EA7536E00B90AE4 /* Resources */ = {
			isa = PBXResourcesBuildPhase;
			buildActionMask = 2147483647;
			files = (
			);
			runOnlyForDeploymentPostprocessing = 0;
		};
/* End PBXResourcesBuildPhase section */

/* Begin PBXSourcesBuildPhase section */
		8548ADF72EA765C30069973A /* Sources */ = {
			isa = PBXSourcesBuildPhase;
			buildActionMask = 2147483647;
			files = (
			);
			runOnlyForDeploymentPostprocessing = 0;
		};
		A363BD712E9F48A000B90AE4 /* Sources */ = {
			isa = PBXSourcesBuildPhase;
			buildActionMask = 2147483647;
			files = (
			);
			runOnlyForDeploymentPostprocessing = 0;
		};
		A363BD832E9F48A100B90AE4 /* Sources */ = {
			isa = PBXSourcesBuildPhase;
			buildActionMask = 2147483647;
			files = (
			);
			runOnlyForDeploymentPostprocessing = 0;
		};
		A363BD8D2E9F48A100B90AE4 /* Sources */ = {
			isa = PBXSourcesBuildPhase;
			buildActionMask = 2147483647;
			files = (
			);
			runOnlyForDeploymentPostprocessing = 0;
		};
		A363BE5A2EA7536E00B90AE4 /* Sources */ = {
			isa = PBXSourcesBuildPhase;
			buildActionMask = 2147483647;
			files = (
			);
			runOnlyForDeploymentPostprocessing = 0;
		};
/* End PBXSourcesBuildPhase section */

/* Begin PBXTargetDependency section */
		8548AE0F2EA765C60069973A /* PBXTargetDependency */ = {
			isa = PBXTargetDependency;
			target = 8548ADFA2EA765C30069973A /* HabitTrackerWidgetExtension */;
			targetProxy = 8548AE0E2EA765C60069973A /* PBXContainerItemProxy */;
		};
		A363BD892E9F48A100B90AE4 /* PBXTargetDependency */ = {
			isa = PBXTargetDependency;
			target = A363BD742E9F48A000B90AE4 /* HabitTracker */;
			targetProxy = A363BD882E9F48A100B90AE4 /* PBXContainerItemProxy */;
		};
		A363BD932E9F48A100B90AE4 /* PBXTargetDependency */ = {
			isa = PBXTargetDependency;
			target = A363BD742E9F48A000B90AE4 /* HabitTracker */;
			targetProxy = A363BD922E9F48A100B90AE4 /* PBXContainerItemProxy */;
		};
		A363BE722EA7536F00B90AE4 /* PBXTargetDependency */ = {
			isa = PBXTargetDependency;
			target = A363BE5D2EA7536E00B90AE4 /* HabitTrackerWidgetExtension */;
			targetProxy = A363BE712EA7536F00B90AE4 /* PBXContainerItemProxy */;
		};
/* End PBXTargetDependency section */

/* Begin XCBuildConfiguration section */
		8548AE122EA765C60069973A /* Debug */ = {
			isa = XCBuildConfiguration;
			buildSettings = {
				ASSETCATALOG_COMPILER_GLOBAL_ACCENT_COLOR_NAME = AccentColor;
				ASSETCATALOG_COMPILER_WIDGET_BACKGROUND_COLOR_NAME = WidgetBackground;
				CLANG_ENABLE_OBJC_WEAK = YES;
				CODE_SIGN_STYLE = Automatic;
				CURRENT_PROJECT_VERSION = 1;
				DEVELOPMENT_TEAM = AS4QLP9NB5;
				GENERATE_INFOPLIST_FILE = YES;
				INFOPLIST_FILE = HabitTrackerWidget/Info.plist;
				INFOPLIST_KEY_CFBundleDisplayName = HabitTrackerWidget;
				INFOPLIST_KEY_NSHumanReadableCopyright = "";
				IPHONEOS_DEPLOYMENT_TARGET = 18.2;
				LD_RUNPATH_SEARCH_PATHS = (
					"$(inherited)",
					"@executable_path/Frameworks",
					"@executable_path/../../Frameworks",
				);
				MARKETING_VERSION = 1.0;
				PRODUCT_BUNDLE_IDENTIFIER = com.soorya.sanand.HabitTracker.HabitTrackerWidget;
				PRODUCT_NAME = "$(TARGET_NAME)";
				SKIP_INSTALL = YES;
				SWIFT_EMIT_LOC_STRINGS = YES;
				SWIFT_VERSION = 5.0;
				TARGETED_DEVICE_FAMILY = "1,2";
			};
			name = Debug;
		};
		8548AE132EA765C60069973A /* Release */ = {
			isa = XCBuildConfiguration;
			buildSettings = {
				ASSETCATALOG_COMPILER_GLOBAL_ACCENT_COLOR_NAME = AccentColor;
				ASSETCATALOG_COMPILER_WIDGET_BACKGROUND_COLOR_NAME = WidgetBackground;
				CLANG_ENABLE_OBJC_WEAK = YES;
				CODE_SIGN_STYLE = Automatic;
				CURRENT_PROJECT_VERSION = 1;
				DEVELOPMENT_TEAM = AS4QLP9NB5;
				GENERATE_INFOPLIST_FILE = YES;
				INFOPLIST_FILE = HabitTrackerWidget/Info.plist;
				INFOPLIST_KEY_CFBundleDisplayName = HabitTrackerWidget;
				INFOPLIST_KEY_NSHumanReadableCopyright = "";
				IPHONEOS_DEPLOYMENT_TARGET = 18.2;
				LD_RUNPATH_SEARCH_PATHS = (
					"$(inherited)",
					"@executable_path/Frameworks",
					"@executable_path/../../Frameworks",
				);
				MARKETING_VERSION = 1.0;
				PRODUCT_BUNDLE_IDENTIFIER = com.soorya.sanand.HabitTracker.HabitTrackerWidget;
				PRODUCT_NAME = "$(TARGET_NAME)";
				SKIP_INSTALL = YES;
				SWIFT_EMIT_LOC_STRINGS = YES;
				SWIFT_VERSION = 5.0;
				TARGETED_DEVICE_FAMILY = "1,2";
			};
			name = Release;
		};
		A363BD992E9F48A100B90AE4 /* Debug */ = {
			isa = XCBuildConfiguration;
			buildSettings = {
				ALWAYS_SEARCH_USER_PATHS = NO;
				ASSETCATALOG_COMPILER_GENERATE_SWIFT_ASSET_SYMBOL_EXTENSIONS = YES;
				CLANG_ANALYZER_NONNULL = YES;
				CLANG_ANALYZER_NUMBER_OBJECT_CONVERSION = YES_AGGRESSIVE;
				CLANG_CXX_LANGUAGE_STANDARD = "gnu++20";
				CLANG_ENABLE_MODULES = YES;
				CLANG_ENABLE_OBJC_ARC = YES;
				CLANG_ENABLE_OBJC_weak = YES;
				CLANG_WARN_BLOCK_CAPTURE_AUTORELEASING = YES;
				CLANG_WARN_BOOL_CONVERSION = YES;
				CLANG_WARN_COMMA = YES;
				CLANG_WARN_CONSTANT_CONVERSION = YES;
				CLANG_WARN_DEPRECATED_OBJC_IMPLEMENTATIONS = YES;
				CLANG_WARN_DIRECT_OBJC_ISA_USAGE = YES_ERROR;
				CLANG_WARN_DOCUMENTATION_COMMENTS = YES;
				CLANG_WARN_EMPTY_BODY = YES;
				CLANG_WARN_ENUM_CONVERSION = YES;
				CLANG_WARN_INFINITE_RECURSION = YES;
				CLANG_WARN_INT_CONVERSION = YES;
				CLANG_WARN_NON_LITERAL_NULL_CONVERSION = YES;
				CLANG_WARN_OBJC_IMPLICIT_RETAIN_SELF = YES;
				CLANG_WARN_OBJC_LITERAL_CONVERSION = YES;
				CLANG_WARN_OBJC_ROOT_CLASS = YES_ERROR;
				CLANG_WARN_QUOTED_INCLUDE_IN_FRAMEWORK_HEADER = YES;
				CLANG_WARN_RANGE_LOOP_ANALYSIS = YES;
				CLANG_WARN_STRICT_PROTOTYPES = YES;
				CLANG_WARN_SUSPICIOUS_MOVE = YES;
				CLANG_WARN_UNGUARDED_AVAILABILITY = YES_AGGRESSIVE;
				CLANG_WARN_UNREACHABLE_CODE = YES;
				CLANG_WARN__DUPLICATE_METHOD_MATCH = YES;
				COPY_PHASE_STRIP = NO;
				DEBUG_INFORMATION_FORMAT = dwarf;
				DEVELOPMENT_TEAM = CPTVLP6QXB;
				ENABLE_STRICT_OBJC_MSGSEND = YES;
				ENABLE_TESTABILITY = YES;
				ENABLE_USER_SCRIPT_SANDBOXING = YES;
				GCC_C_LANGUAGE_STANDARD = gnu17;
				GCC_DYNAMIC_NO_PIC = NO;
				GCC_NO_COMMON_BLOCKS = YES;
				GCC_OPTIMIZATION_LEVEL = 0;
				GCC_PREPROCESSOR_DEFINITIONS = (
					"DEBUG=1",
					"$(inherited)",
				);
				GCC_WARN_64_TO_32_BIT_CONVERSION = YES;
				GCC_WARN_ABOUT_RETURN_TYPE = YES_ERROR;
				GCC_WARN_UNDECLARED_SELECTOR = YES;
				GCC_WARN_UNINITIALIZED_AUTOS = YES_AGGRESSIVE;
				GCC_WARN_UNUSED_FUNCTION = YES;
				GCC_WARN_UNUSED_VARIABLE = YES;
				IPHONEOS_DEPLOYMENT_TARGET = 26.0;
				LOCALIZATION_PREFERS_STRING_CATALOGS = YES;
				MTL_ENABLE_DEBUG_INFO = INCLUDE_SOURCE;
				MTL_FAST_MATH = YES;
				ONLY_ACTIVE_ARCH = YES;
				SDKROOT = iphoneos;
				STRING_CATALOG_GENERATE_SYMBOLS = YES;
				SWIFT_ACTIVE_COMPILATION_CONDITIONS = "DEBUG $(inherited)";
				SWIFT_OPTIMIZATION_LEVEL = "-Onone";
			};
			name = Debug;
		};
		A363BD9A2E9F48A100B90AE4 /* Release */ = {
			isa = XCBuildConfiguration;
			buildSettings = {
				ALWAYS_SEARCH_USER_PATHS = NO;
				ASSETCATALOG_COMPILER_GENERATE_SWIFT_ASSET_SYMBOL_EXTENSIONS = YES;
				CLANG_ANALYZER_NONNULL = YES;
				CLANG_ANALYZER_NUMBER_OBJECT_CONVERSION = YES_AGGRESSIVE;
				CLANG_CXX_LANGUAGE_STANDARD = "gnu++20";
				CLANG_ENABLE_MODULES = YES;
				CLANG_ENABLE_OBJC_ARC = YES;
				CLANG_ENABLE_OBJC_weak = YES;
				CLANG_WARN_BLOCK_CAPTURE_AUTORELEASING = YES;
				CLANG_WARN_BOOL_CONVERSION = YES;
				CLANG_WARN_COMMA = YES;
				CLANG_WARN_CONSTANT_CONVERSION = YES;
				CLANG_WARN_DEPRECATED_OBJC_IMPLEMENTATIONS = YES;
				CLANG_WARN_DIRECT_OBJC_ISA_USAGE = YES_ERROR;
				CLANG_WARN_DOCUMENTATION_COMMENTS = YES;
				CLANG_WARN_EMPTY_BODY = YES;
				CLANG_WARN_ENUM_CONVERSION = YES;
				CLANG_WARN_INFINITE_RECURSION = YES;
				CLANG_WARN_INT_CONVERSION = YES;
				CLANG_WARN_NON_LITERAL_NULL_CONVERSION = YES;
				CLANG_WARN_OBJC_IMPLICIT_RETAIN_SELF = YES;
				CLANG_WARN_OBJC_LITERAL_CONVERSION = YES;
				CLANG_WARN_OBJC_ROOT_CLASS = YES_ERROR;
				CLANG_WARN_QUOTED_INCLUDE_IN_FRAMEWORK_HEADER = YES;
				CLANG_WARN_RANGE_LOOP_ANALYSIS = YES;
				CLANG_WARN_STRICT_PROTOTYPES = YES;
				CLANG_WARN_SUSPICIOUS_MOVE = YES;
				CLANG_WARN_UNGUARDED_AVAILABILITY = YES_AGGRESSIVE;
				CLANG_WARN_UNREACHABLE_CODE = YES;
				CLANG_WARN__DUPLICATE_METHOD_MATCH = YES;
				COPY_PHASE_STRIP = NO;
				DEBUG_INFORMATION_FORMAT = "dwarf-with-dsym";
				DEVELOPMENT_TEAM = CPTVLP6QXB;
				ENABLE_NS_ASSERTIONS = NO;
				ENABLE_STRICT_OBJC_MSGSEND = YES;
				ENABLE_USER_SCRIPT_SANDBOXING = YES;
				GCC_C_LANGUAGE_STANDARD = gnu17;
				GCC_NO_COMMON_BLOCKS = YES;
				GCC_WARN_64_TO_32_BIT_CONVERSION = YES;
				GCC_WARN_ABOUT_RETURN_TYPE = YES_ERROR;
				GCC_WARN_UNDECLARED_SELECTOR = YES;
				GCC_WARN_UNINITIALIZED_AUTOS = YES_AGGRESSIVE;
				GCC_WARN_UNUSED_FUNCTION = YES;
				GCC_WARN_UNUSED_VARIABLE = YES;
				IPHONEOS_DEPLOYMENT_TARGET = 26.0;
				LOCALIZATION_PREFERS_STRING_CATALOGS = YES;
				MTL_ENABLE_DEBUG_INFO = NO;
				MTL_FAST_MATH = YES;
				SDKROOT = iphoneos;
				STRING_CATALOG_GENERATE_SYMBOLS = YES;
				SWIFT_COMPILATION_MODE = wholemodule;
				VALIDATE_PRODUCT = YES;
			};
			name = Release;
		};
		A363BD9C2E9F48A100B90AE4 /* Debug */ = {
			isa = XCBuildConfiguration;
			buildSettings = {
				ASSETCATALOG_COMPILER_APPICON_NAME = AppIcon;
				ASSETCATALOG_COMPILER_GLOBAL_ACCENT_COLOR_NAME = AccentColor;
				CODE_SIGN_ENTITLEMENTS = HabitTracker/HabitTracker.entitlements;
				CODE_SIGN_STYLE = Automatic;
				CURRENT_PROJECT_VERSION = 1;
				DEVELOPMENT_TEAM = AS4QLP9NB5;
				ENABLE_PREVIEWS = YES;
				GENERATE_INFOPLIST_FILE = YES;
				INFOPLIST_KEY_UIApplicationSceneManifest_Generation = YES;
				INFOPLIST_KEY_UIApplicationSupportsIndirectInputEvents = YES;
				INFOPLIST_KEY_UILaunchScreen_Generation = YES;
				INFOPLIST_KEY_UISupportedInterfaceOrientations_iPad = "UIInterfaceOrientationPortrait UIInterfaceOrientationPortraitUpsideDown UIInterfaceOrientationLandscapeLeft UIInterfaceOrientationLandscapeRight";
				INFOPLIST_KEY_UISupportedInterfaceOrientations_iPhone = "UIInterfaceOrientationPortrait UIInterfaceOrientationLandscapeLeft UIInterfaceOrientationLandscapeRight";
				IPHONEOS_DEPLOYMENT_TARGET = 18.0;
				LD_RUNPATH_SEARCH_PATHS = (
					"$(inherited)",
					"@executable_path/Frameworks",
				);
				MARKETING_VERSION = 1.0;
				PRODUCT_BUNDLE_IDENTIFIER = com.soorya.sanand.HabitTracker;
				PRODUCT_NAME = "$(TARGET_NAME)";
				STRING_CATALOG_GENERATE_SYMBOLS = YES;
				SWIFT_APPROACHABLE_CONCURRENCY = YES;
				SWIFT_DEFAULT_ACTOR_ISOLATION = MainActor;
				SWIFT_EMIT_LOC_STRINGS = YES;
				SWIFT_UPCOMING_FEATURE_MEMBER_IMPORT_VISIBILITY = YES;
				SWIFT_VERSION = 5.0;
				TARGETED_DEVICE_FAMILY = "1,2";
			};
			name = Debug;
		};
		A363BD9D2E9F48A100B90AE4 /* Release */ = {
			isa = XCBuildConfiguration;
			buildSettings = {
				ASSETCATALOG_COMPILER_APPICON_NAME = AppIcon;
				ASSETCATALOG_COMPILER_GLOBAL_ACCENT_COLOR_NAME = AccentColor;
				CODE_SIGN_ENTITLEMENTS = HabitTracker/HabitTracker.entitlements;
				CODE_SIGN_STYLE = Automatic;
				CURRENT_PROJECT_VERSION = 1;
				DEVELOPMENT_TEAM = AS4QLP9NB5;
				ENABLE_PREVIEWS = YES;
				GENERATE_INFOPLIST_FILE = YES;
				INFOPLIST_KEY_UIApplicationSceneManifest_Generation = YES;
				INFOPLIST_KEY_UIApplicationSupportsIndirectInputEvents = YES;
				INFOPLIST_KEY_UILaunchScreen_Generation = YES;
				INFOPLIST_KEY_UISupportedInterfaceOrientations_iPad = "UIInterfaceOrientationPortrait UIInterfaceOrientationPortraitUpsideDown UIInterfaceOrientationLandscapeLeft UIInterfaceOrientationLandscapeRight";
				INFOPLIST_KEY_UISupportedInterfaceOrientations_iPhone = "UIInterfaceOrientationPortrait UIInterfaceOrientationLandscapeLeft UIInterfaceOrientationLandscapeRight";
				IPHONEOS_DEPLOYMENT_TARGET = 18.0;
				LD_RUNPATH_SEARCH_PATHS = (
					"$(inherited)",
					"@executable_path/Frameworks",
				);
				MARKETING_VERSION = 1.0;
				PRODUCT_BUNDLE_IDENTIFIER = com.soorya.sanand.HabitTracker;
				PRODUCT_NAME = "$(TARGET_NAME)";
				STRING_CATALOG_GENERATE_SYMBOLS = YES;
				SWIFT_APPROACHABLE_CONCURRENCY = YES;
				SWIFT_DEFAULT_ACTOR_ISOLATION = MainActor;
				SWIFT_EMIT_LOC_STRINGS = YES;
				SWIFT_UPCOMING_FEATURE_MEMBER_IMPORT_VISIBILITY = YES;
				SWIFT_VERSION = 5.0;
				TARGETED_DEVICE_FAMILY = "1,2";
			};
			name = Release;
		};
		A363BD9F2E9F48A100B90AE4 /* Debug */ = {
			isa = XCBuildConfiguration;
			buildSettings = {
				BUNDLE_LOADER = "$(TEST_HOST)";
				CODE_SIGN_STYLE = Automatic;
				CURRENT_PROJECT_VERSION = 1;
				DEVELOPMENT_TEAM = AS4QLP9NB5;
				GENERATE_INFOPLIST_FILE = YES;
				IPHONEOS_DEPLOYMENT_TARGET = 26.0;
				MARKETING_VERSION = 1.0;
				PRODUCT_BUNDLE_IDENTIFIER = com.Tingxuan.Zhang.HabitTrackerTests;
				PRODUCT_NAME = "$(TARGET_NAME)";
				STRING_CATALOG_GENERATE_SYMBOLS = NO;
				SWIFT_APPROACHABLE_CONCURRENCY = YES;
				SWIFT_EMIT_LOC_STRINGS = NO;
				SWIFT_UPCOMING_FEATURE_MEMBER_IMPORT_VISIBILITY = YES;
				SWIFT_VERSION = 5.0;
				TARGETED_DEVICE_FAMILY = "1,2";
				TEST_HOST = "$(BUILT_PRODUCTS_DIR)/HabitTracker.app/$(BUNDLE_EXECUTABLE_FOLDER_PATH)/HabitTracker";
			};
			name = Debug;
		};
		A363BDA02E9F48A100B90AE4 /* Release */ = {
			isa = XCBuildConfiguration;
			buildSettings = {
				BUNDLE_LOADER = "$(TEST_HOST)";
				CODE_SIGN_STYLE = Automatic;
				CURRENT_PROJECT_VERSION = 1;
				DEVELOPMENT_TEAM = AS4QLP9NB5;
				GENERATE_INFOPLIST_FILE = YES;
				IPHONEOS_DEPLOYMENT_TARGET = 26.0;
				MARKETING_VERSION = 1.0;
				PRODUCT_BUNDLE_IDENTIFIER = com.Tingxuan.Zhang.HabitTrackerTests;
				PRODUCT_NAME = "$(TARGET_NAME)";
				STRING_CATALOG_GENERATE_SYMBOLS = NO;
				SWIFT_APPROACHABLE_CONCURRENCY = YES;
				SWIFT_EMIT_LOC_STRINGS = NO;
				SWIFT_UPCOMING_FEATURE_MEMBER_IMPORT_VISIBILITY = YES;
				SWIFT_VERSION = 5.0;
				TARGETED_DEVICE_FAMILY = "1,2";
				TEST_HOST = "$(BUILT_PRODUCTS_DIR)/HabitTracker.app/$(BUNDLE_EXECUTABLE_FOLDER_PATH)/HabitTracker";
			};
			name = Release;
		};
		A363BDA22E9F48A100B90AE4 /* Debug */ = {
			isa = XCBuildConfiguration;
			buildSettings = {
				CODE_SIGN_STYLE = Automatic;
				CURRENT_PROJECT_VERSION = 1;
				DEVELOPMENT_TEAM = AS4QLP9NB5;
				GENERATE_INFOPLIST_FILE = YES;
				MARKETING_VERSION = 1.0;
				PRODUCT_BUNDLE_IDENTIFIER = com.Tingxuan.Zhang.HabitTrackerUITests;
				PRODUCT_NAME = "$(TARGET_NAME)";
				STRING_CATALOG_GENERATE_SYMBOLS = NO;
				SWIFT_APPROACHABLE_CONCURRENCY = YES;
				SWIFT_EMIT_LOC_STRINGS = NO;
				SWIFT_UPCOMING_FEATURE_MEMBER_IMPORT_VISIBILITY = YES;
				SWIFT_VERSION = 5.0;
				TARGETED_DEVICE_FAMILY = "1,2";
				TEST_TARGET_NAME = HabitTracker;
			};
			name = Debug;
		};
		A363BDA32E9F48A100B90AE4 /* Release */ = {
			isa = XCBuildConfiguration;
			buildSettings = {
				CODE_SIGN_STYLE = Automatic;
				CURRENT_PROJECT_VERSION = 1;
				DEVELOPMENT_TEAM = AS4QLP9NB5;
				GENERATE_INFOPLIST_FILE = YES;
				MARKETING_VERSION = 1.0;
				PRODUCT_BUNDLE_IDENTIFIER = com.Tingxuan.Zhang.HabitTrackerUITests;
				PRODUCT_NAME = "$(TARGET_NAME)";
				STRING_CATALOG_GENERATE_SYMBOLS = NO;
				SWIFT_APPROACHABLE_CONCURRENCY = YES;
				SWIFT_EMIT_LOC_STRINGS = NO;
				SWIFT_UPCOMING_FEATURE_MEMBER_IMPORT_VISIBILITY = YES;
				SWIFT_VERSION = 5.0;
				TARGETED_DEVICE_FAMILY = "1,2";
				TEST_TARGET_NAME = HabitTracker;
			};
			name = Release;
		};
		A363BE752EA7536F00B90AE4 /* Debug */ = {
			isa = XCBuildConfiguration;
			buildSettings = {
				ASSETCATALOG_COMPILER_GLOBAL_ACCENT_COLOR_NAME = AccentColor;
				ASSETCATALOG_COMPILER_WIDGET_BACKGROUND_COLOR_NAME = WidgetBackground;
				CLANG_ENABLE_OBJC_WEAK = YES;
				CODE_SIGN_ENTITLEMENTS = HabitTrackerWidgetExtension.entitlements;
				CODE_SIGN_STYLE = Automatic;
				CURRENT_PROJECT_VERSION = 1;
				DEVELOPMENT_TEAM = AS4QLP9NB5;
				GENERATE_INFOPLIST_FILE = YES;
				INFOPLIST_FILE = HabitTrackerWidget/Info.plist;
				INFOPLIST_KEY_CFBundleDisplayName = HabitTrackerWidget;
				INFOPLIST_KEY_NSHumanReadableCopyright = "";
				LD_RUNPATH_SEARCH_PATHS = (
					"$(inherited)",
					"@executable_path/Frameworks",
					"@executable_path/../../Frameworks",
				);
				MARKETING_VERSION = 1.0;
				PRODUCT_BUNDLE_IDENTIFIER = com.soorya.sanand.HabitTracker.HabitTrackerWidget;
				PRODUCT_NAME = "$(TARGET_NAME)";
				SKIP_INSTALL = YES;
				STRING_CATALOG_GENERATE_SYMBOLS = YES;
				SWIFT_APPROACHABLE_CONCURRENCY = YES;
				SWIFT_EMIT_LOC_STRINGS = YES;
				SWIFT_UPCOMING_FEATURE_MEMBER_IMPORT_VISIBILITY = YES;
				SWIFT_VERSION = 5.0;
				TARGETED_DEVICE_FAMILY = "1,2";
			};
			name = Debug;
		};
		A363BE762EA7536F00B90AE4 /* Release */ = {
			isa = XCBuildConfiguration;
			buildSettings = {
				ASSETCATALOG_COMPILER_GLOBAL_ACCENT_COLOR_NAME = AccentColor;
				ASSETCATALOG_COMPILER_WIDGET_BACKGROUND_COLOR_NAME = WidgetBackground;
				CLANG_ENABLE_OBJC_WEAK = YES;
				CODE_SIGN_ENTITLEMENTS = HabitTrackerWidgetExtension.entitlements;
				CODE_SIGN_STYLE = Automatic;
				CURRENT_PROJECT_VERSION = 1;
				DEVELOPMENT_TEAM = AS4QLP9NB5;
				GENERATE_INFOPLIST_FILE = YES;
				INFOPLIST_FILE = HabitTrackerWidget/Info.plist;
				INFOPLIST_KEY_CFBundleDisplayName = HabitTrackerWidget;
				INFOPLIST_KEY_NSHumanReadableCopyright = "";
				LD_RUNPATH_SEARCH_PATHS = (
					"$(inherited)",
					"@executable_path/Frameworks",
					"@executable_path/../../Frameworks",
				);
				MARKETING_VERSION = 1.0;
				PRODUCT_BUNDLE_IDENTIFIER = com.soorya.sanand.HabitTracker.HabitTrackerWidget;
				PRODUCT_NAME = "$(TARGET_NAME)";
				SKIP_INSTALL = YES;
				STRING_CATALOG_GENERATE_SYMBOLS = YES;
				SWIFT_APPROACHABLE_CONCURRENCY = YES;
				SWIFT_EMIT_LOC_STRINGS = YES;
				SWIFT_UPCOMING_FEATURE_MEMBER_IMPORT_VISIBILITY = YES;
				SWIFT_VERSION = 5.0;
				TARGETED_DEVICE_FAMILY = "1,2";
			};
			name = Release;
		};
/* End XCBuildConfiguration section */

/* Begin XCConfigurationList section */
		8548AE152EA765C60069973A /* Build configuration list for PBXNativeTarget "HabitTrackerWidgetExtension" */ = {
			isa = XCConfigurationList;
			buildConfigurations = (
				8548AE122EA765C60069973A /* Debug */,
				8548AE132EA765C60069973A /* Release */,
			);
			defaultConfigurationIsVisible = 0;
			defaultConfigurationName = Release;
		};
		A363BD702E9F48A000B90AE4 /* Build configuration list for PBXProject "HabitTracker" */ = {
			isa = XCConfigurationList;
			buildConfigurations = (
				A363BD992E9F48A100B90AE4 /* Debug */,
				A363BD9A2E9F48A100B90AE4 /* Release */,
			);
			defaultConfigurationIsVisible = 0;
			defaultConfigurationName = Release;
		};
		A363BD9B2E9F48A100B90AE4 /* Build configuration list for PBXNativeTarget "HabitTracker" */ = {
			isa = XCConfigurationList;
			buildConfigurations = (
				A363BD9C2E9F48A100B90AE4 /* Debug */,
				A363BD9D2E9F48A100B90AE4 /* Release */,
			);
			defaultConfigurationIsVisible = 0;
			defaultConfigurationName = Release;
		};
		A363BD9E2E9F48A100B90AE4 /* Build configuration list for PBXNativeTarget "HabitTrackerTests" */ = {
			isa = XCConfigurationList;
			buildConfigurations = (
				A363BD9F2E9F48A100B90AE4 /* Debug */,
				A363BDA02E9F48A100B90AE4 /* Release */,
			);
			defaultConfigurationIsVisible = 0;
			defaultConfigurationName = Release;
		};
		A363BDA12E9F48A100B90AE4 /* Build configuration list for PBXNativeTarget "HabitTrackerUITests" */ = {
			isa = XCConfigurationList;
			buildConfigurations = (
				A363BDA22E9F48A100B90AE4 /* Debug */,
				A363BDA32E9F48A100B90AE4 /* Release */,
			);
			defaultConfigurationIsVisible = 0;
			defaultConfigurationName = Release;
		};
		A363BE782EA7536F00B90AE4 /* Build configuration list for PBXNativeTarget "HabitTrackerWidgetExtension" */ = {
			isa = XCConfigurationList;
			buildConfigurations = (
				A363BE752EA7536F00B90AE4 /* Debug */,
				A363BE762EA7536F00B90AE4 /* Release */,
			);
			defaultConfigurationIsVisible = 0;
			defaultConfigurationName = Release;
		};
/* End XCConfigurationList section */
	};
	rootObject = A363BD6D2E9F48A000B90AE4 /* Project object */;
}
